
Microsoft Visual Studio Solution File, Format Version 12.00
# Visual Studio Version 17
VisualStudioVersion = 17.7.34221.43
MinimumVisualStudioVersion = 10.0.40219.1
Project("{9A19103F-16F7-4668-BE54-9A1E7A4F7556}") = "HotelApp.Entities", "HotelApp.Entities\HotelApp.Entities.csproj", "{7D3C5C2C-159C-4D1B-82B9-F48FDE3E1C86}"
EndProject
Project("{9A19103F-16F7-4668-BE54-9A1E7A4F7556}") = "HotelApp.DataAccess", "HotelApp.DataAccess\HotelApp.DataAccess.csproj", "{174F95B9-A5BA-4414-99B7-2635F42EF645}"
EndProject
Project("{9A19103F-16F7-4668-BE54-9A1E7A4F7556}") = "HotelApp.Business", "HotelApp.Business\HotelApp.Business.csproj", "{0DC369F7-BC84-4534-859F-528BB82579D9}"
EndProject
Project("{9A19103F-16F7-4668-BE54-9A1E7A4F7556}") = "HotelApp.Interfaces", "HotelApp.Interfaces\HotelApp.Interfaces.csproj", "{0BF0DC73-AD54-45E3-9E01-45E2A02D36D1}"
EndProject
Project("{FAE04EC0-301F-11D3-BF4B-00C04F79EFBC}") = "HotelApp.WindowsApp", "HotelApp.WindowsApp\HotelApp.WindowsApp.csproj", "{1A3C4725-422D-4C44-911D-267C995FD7DA}"
EndProject
Global
	GlobalSection(SolutionConfigurationPlatforms) = preSolution
		Debug|Any CPU = Debug|Any CPU
		Release|Any CPU = Release|Any CPU
	EndGlobalSection
	GlobalSection(ProjectConfigurationPlatforms) = postSolution
		{7D3C5C2C-159C-4D1B-82B9-F48FDE3E1C86}.Debug|Any CPU.ActiveCfg = Debug|Any CPU
		{7D3C5C2C-159C-4D1B-82B9-F48FDE3E1C86}.Debug|Any CPU.Build.0 = Debug|Any CPU
		{7D3C5C2C-159C-4D1B-82B9-F48FDE3E1C86}.Release|Any CPU.ActiveCfg = Release|Any CPU
		{7D3C5C2C-159C-4D1B-82B9-F48FDE3E1C86}.Release|Any CPU.Build.0 = Release|Any CPU
		{174F95B9-A5BA-4414-99B7-2635F42EF645}.Debug|Any CPU.ActiveCfg = Debug|Any CPU
		{174F95B9-A5BA-4414-99B7-2635F42EF645}.Debug|Any CPU.Build.0 = Debug|Any CPU
		{174F95B9-A5BA-4414-99B7-2635F42EF645}.Release|Any CPU.ActiveCfg = Release|Any CPU
		{174F95B9-A5BA-4414-99B7-2635F42EF645}.Release|Any CPU.Build.0 = Release|Any CPU
		{0DC369F7-BC84-4534-859F-528BB82579D9}.Debug|Any CPU.ActiveCfg = Debug|Any CPU
		{0DC369F7-BC84-4534-859F-528BB82579D9}.Debug|Any CPU.Build.0 = Debug|Any CPU
		{0DC369F7-BC84-4534-859F-528BB82579D9}.Release|Any CPU.ActiveCfg = Release|Any CPU
		{0DC369F7-BC84-4534-859F-528BB82579D9}.Release|Any CPU.Build.0 = Release|Any CPU
		{0BF0DC73-AD54-45E3-9E01-45E2A02D36D1}.Debug|Any CPU.ActiveCfg = Debug|Any CPU
		{0BF0DC73-AD54-45E3-9E01-45E2A02D36D1}.Debug|Any CPU.Build.0 = Debug|Any CPU
		{0BF0DC73-AD54-45E3-9E01-45E2A02D36D1}.Release|Any CPU.ActiveCfg = Release|Any CPU
		{0BF0DC73-AD54-45E3-9E01-45E2A02D36D1}.Release|Any CPU.Build.0 = Release|Any CPU
		{1A3C4725-422D-4C44-911D-267C995FD7DA}.Debug|Any CPU.ActiveCfg = Debug|Any CPU
		{1A3C4725-422D-4C44-911D-267C995FD7DA}.Debug|Any CPU.Build.0 = Debug|Any CPU
		{1A3C4725-422D-4C44-911D-267C995FD7DA}.Release|Any CPU.ActiveCfg = Release|Any CPU
		{1A3C4725-422D-4C44-911D-267C995FD7DA}.Release|Any CPU.Build.0 = Release|Any CPU
	EndGlobalSection
	GlobalSection(SolutionProperties) = preSolution
		HideSolutionNode = FALSE
	EndGlobalSection
	GlobalSection(ExtensibilityGlobals) = postSolution
		SolutionGuid = {31D73730-65E4-4425-8922-0128DA1A0A6E}
	EndGlobalSection
EndGlobal
